
Microsoft Visual Studio Solution File, Format Version 12.00
# Visual Studio Version 17
VisualStudioVersion = 17.0.31903.59
MinimumVisualStudioVersion = 10.0.40219.1
Project("{FAE04EC0-301F-11D3-BF4B-00C04F79EFBC}") = "Mcts", "Mcts\Mcts.csproj", "{7B3902EC-ACAD-4856-83BB-C53D8BA8695C}"
EndProject
Project("{2150E333-8FDC-42A3-9474-1A3956D46DE8}") = "Demos", "Demos", "{2FE4E0E6-EC21-46CD-A5E6-D99BC023A334}"
EndProject
Project("{FAE04EC0-301F-11D3-BF4B-00C04F79EFBC}") = "TreasureHunt", "Demos\TreasureHunt\TreasureHunt.csproj", "{F093C9BE-1F9A-4FEA-A57E-23042600ADF3}"
EndProject
Project("{FAE04EC0-301F-11D3-BF4B-00C04F79EFBC}") = "ObstacleHunt", "Demos\ObstacleHunt\ObstacleHunt.csproj", "{00AC4168-3E4C-40D5-BA5C-6B20BDB45972}"
EndProject
Project("{FAE04EC0-301F-11D3-BF4B-00C04F79EFBC}") = "TinyQuestDemo", "Demos\TinyQuestDemo\TinyQuestDemo.csproj", "{73C740F2-3A46-4A5D-9828-FC0D0130A78C}"
EndProject
Project("{FAE04EC0-301F-11D3-BF4B-00C04F79EFBC}") = "TinyQuestDemo.Tests", "Demos\TinyQuestDemo.Tests\TinyQuestDemo.Tests.csproj", "{20AB8AB6-6C7B-44FB-9076-E8F0E2C91663}"
EndProject
Project("{FAE04EC0-301F-11D3-BF4B-00C04F79EFBC}") = "PigDemo", "Demos\PigDemo\PigDemo.csproj", "{66C9FCA7-649F-4FC1-AD35-4933910DCD62}"
EndProject
Project("{FAE04EC0-301F-11D3-BF4B-00C04F79EFBC}") = "MonsterMaze", "Demos\MonsterMaze\MonsterMaze.csproj", "{EEA8F12F-F827-4C3F-A928-D43A6ACC4409}"
EndProject
Global
	GlobalSection(SolutionConfigurationPlatforms) = preSolution
		Debug|Any CPU = Debug|Any CPU
		Release|Any CPU = Release|Any CPU
	EndGlobalSection
	GlobalSection(SolutionProperties) = preSolution
		HideSolutionNode = FALSE
	EndGlobalSection
	GlobalSection(ProjectConfigurationPlatforms) = postSolution
		{7B3902EC-ACAD-4856-83BB-C53D8BA8695C}.Debug|Any CPU.ActiveCfg = Debug|Any CPU
		{7B3902EC-ACAD-4856-83BB-C53D8BA8695C}.Debug|Any CPU.Build.0 = Debug|Any CPU
		{7B3902EC-ACAD-4856-83BB-C53D8BA8695C}.Release|Any CPU.ActiveCfg = Release|Any CPU
		{7B3902EC-ACAD-4856-83BB-C53D8BA8695C}.Release|Any CPU.Build.0 = Release|Any CPU
		{F093C9BE-1F9A-4FEA-A57E-23042600ADF3}.Debug|Any CPU.ActiveCfg = Debug|Any CPU
		{F093C9BE-1F9A-4FEA-A57E-23042600ADF3}.Debug|Any CPU.Build.0 = Debug|Any CPU
		{F093C9BE-1F9A-4FEA-A57E-23042600ADF3}.Release|Any CPU.ActiveCfg = Release|Any CPU
		{F093C9BE-1F9A-4FEA-A57E-23042600ADF3}.Release|Any CPU.Build.0 = Release|Any CPU
		{00AC4168-3E4C-40D5-BA5C-6B20BDB45972}.Debug|Any CPU.ActiveCfg = Debug|Any CPU
		{00AC4168-3E4C-40D5-BA5C-6B20BDB45972}.Debug|Any CPU.Build.0 = Debug|Any CPU
		{00AC4168-3E4C-40D5-BA5C-6B20BDB45972}.Release|Any CPU.ActiveCfg = Release|Any CPU
		{00AC4168-3E4C-40D5-BA5C-6B20BDB45972}.Release|Any CPU.Build.0 = Release|Any CPU
		{73C740F2-3A46-4A5D-9828-FC0D0130A78C}.Debug|Any CPU.ActiveCfg = Debug|Any CPU
		{73C740F2-3A46-4A5D-9828-FC0D0130A78C}.Debug|Any CPU.Build.0 = Debug|Any CPU
		{73C740F2-3A46-4A5D-9828-FC0D0130A78C}.Release|Any CPU.ActiveCfg = Release|Any CPU
		{73C740F2-3A46-4A5D-9828-FC0D0130A78C}.Release|Any CPU.Build.0 = Release|Any CPU
		{20AB8AB6-6C7B-44FB-9076-E8F0E2C91663}.Debug|Any CPU.ActiveCfg = Debug|Any CPU
		{20AB8AB6-6C7B-44FB-9076-E8F0E2C91663}.Debug|Any CPU.Build.0 = Debug|Any CPU
		{20AB8AB6-6C7B-44FB-9076-E8F0E2C91663}.Release|Any CPU.ActiveCfg = Release|Any CPU
		{20AB8AB6-6C7B-44FB-9076-E8F0E2C91663}.Release|Any CPU.Build.0 = Release|Any CPU
		{66C9FCA7-649F-4FC1-AD35-4933910DCD62}.Debug|Any CPU.ActiveCfg = Debug|Any CPU
		{66C9FCA7-649F-4FC1-AD35-4933910DCD62}.Debug|Any CPU.Build.0 = Debug|Any CPU
		{66C9FCA7-649F-4FC1-AD35-4933910DCD62}.Release|Any CPU.ActiveCfg = Release|Any CPU
		{66C9FCA7-649F-4FC1-AD35-4933910DCD62}.Release|Any CPU.Build.0 = Release|Any CPU
		{EEA8F12F-F827-4C3F-A928-D43A6ACC4409}.Debug|Any CPU.ActiveCfg = Debug|Any CPU
		{EEA8F12F-F827-4C3F-A928-D43A6ACC4409}.Debug|Any CPU.Build.0 = Debug|Any CPU
		{EEA8F12F-F827-4C3F-A928-D43A6ACC4409}.Release|Any CPU.ActiveCfg = Release|Any CPU
		{EEA8F12F-F827-4C3F-A928-D43A6ACC4409}.Release|Any CPU.Build.0 = Release|Any CPU
	EndGlobalSection
	GlobalSection(NestedProjects) = preSolution
		{F093C9BE-1F9A-4FEA-A57E-23042600ADF3} = {2FE4E0E6-EC21-46CD-A5E6-D99BC023A334}
		{00AC4168-3E4C-40D5-BA5C-6B20BDB45972} = {2FE4E0E6-EC21-46CD-A5E6-D99BC023A334}
		{73C740F2-3A46-4A5D-9828-FC0D0130A78C} = {2FE4E0E6-EC21-46CD-A5E6-D99BC023A334}
		{20AB8AB6-6C7B-44FB-9076-E8F0E2C91663} = {2FE4E0E6-EC21-46CD-A5E6-D99BC023A334}
		{66C9FCA7-649F-4FC1-AD35-4933910DCD62} = {2FE4E0E6-EC21-46CD-A5E6-D99BC023A334}
		{EEA8F12F-F827-4C3F-A928-D43A6ACC4409} = {2FE4E0E6-EC21-46CD-A5E6-D99BC023A334}
	EndGlobalSection
EndGlobal
